{
  "version": 4,
  "terraform_version": "1.13.5",
  "serial": 211,
  "lineage": "c6d97b38-262c-2d7e-e2b5-5fbe44e63438",
  "outputs": {
    "dynamodb_table_name": {
      "value": "GmailStructuredData",
      "type": "string"
    },
    "lambda_arns": {
      "value": {
        "extract_business": "arn:aws:lambda:us-east-1:970850578809:function:gmail-processing-extract-business",
        "invoke_bedrock": "arn:aws:lambda:us-east-1:970850578809:function:gmail-processing-invoke-bedrock",
        "parse_email": "arn:aws:lambda:us-east-1:970850578809:function:gmail-processing-parse-email",
        "save_to_dynamodb": "arn:aws:lambda:us-east-1:970850578809:function:gmail-processing-save-to-dynamodb",
        "start_step_function": "arn:aws:lambda:us-east-1:970850578809:function:gmail-processing-start-sfn"
      },
      "type": [
        "object",
        {
          "extract_business": "string",
          "invoke_bedrock": "string",
          "parse_email": "string",
          "save_to_dynamodb": "string",
          "start_step_function": "string"
        }
      ]
    },
    "lambda_exec_role_arn": {
      "value": "arn:aws:iam::970850578809:role/gmail-processing-lambda-exec-role",
      "type": "string"
    },
    "s3_bucket_arn": {
      "value": "arn:aws:s3:::your-unique-gmail-bucket-2026",
      "type": "string"
    },
    "s3_bucket_name": {
      "value": "your-unique-gmail-bucket-2026",
      "type": "string"
    },
    "step_function_arn": {
      "value": "arn:aws:states:us-east-1:970850578809:stateMachine:gmail-processing-state-machine",
      "type": "string"
    },
    "step_function_exec_role_arn": {
      "value": "arn:aws:iam::970850578809:role/gmail-processing-sfn-exec-role",
      "type": "string"
    }
  },
  "resources": [
    {
      "mode": "managed",
      "type": "aws_cloudwatch_log_group",
      "name": "step_function_logs",
      "provider": "provider[\"registry.terraform.io/hashicorp/aws\"]",
      "instances": [
        {
          "schema_version": 0,
          "attributes": {
            "arn": "arn:aws:logs:us-east-1:970850578809:log-group:/aws/stepfunctions/gmail-processing-state-machine",
            "id": "/aws/stepfunctions/gmail-processing-state-machine",
            "kms_key_id": "",
            "log_group_class": "STANDARD",
            "name": "/aws/stepfunctions/gmail-processing-state-machine",
            "name_prefix": "",
            "retention_in_days": 30,
            "skip_destroy": false,
            "tags": {},
            "tags_all": {}
          },
          "sensitive_attributes": [],
          "identity_schema_version": 0,
          "private": "bnVsbA=="
        }
      ]
    },
    {
      "mode": "managed",
      "type": "aws_dynamodb_table",
      "name": "gmail_structured_data",
      "provider": "provider[\"registry.terraform.io/hashicorp/aws\"]",
      "instances": [
        {
          "schema_version": 1,
          "attributes": {
            "arn": "arn:aws:dynamodb:us-east-1:970850578809:table/GmailStructuredData",
            "attribute": [
              {
                "name": "email_id",
                "type": "S"
              }
            ],
            "billing_mode": "PAY_PER_REQUEST",
            "deletion_protection_enabled": false,
            "global_secondary_index": [],
            "hash_key": "email_id",
            "id": "GmailStructuredData",
            "import_table": [],
            "local_secondary_index": [],
            "name": "GmailStructuredData",
            "on_demand_throughput": [],
            "point_in_time_recovery": [
              {
                "enabled": false,
                "recovery_period_in_days": 0
              }
            ],
            "range_key": null,
            "read_capacity": 0,
            "replica": [],
            "restore_date_time": null,
            "restore_source_name": null,
            "restore_source_table_arn": null,
            "restore_to_latest_time": null,
            "server_side_encryption": [],
            "stream_arn": "",
            "stream_enabled": false,
            "stream_label": "",
            "stream_view_type": "",
            "table_class": "STANDARD",
            "tags": {
              "Environment": "production",
              "Name": "gmail-processing-dynamodb"
            },
            "tags_all": {
              "Environment": "production",
              "Name": "gmail-processing-dynamodb"
            },
            "timeouts": null,
            "ttl": [
              {
                "attribute_name": "",
                "enabled": false
              }
            ],
            "write_capacity": 0
          },
          "sensitive_attributes": [],
          "identity_schema_version": 0,
          "private": "eyJlMmJmYjczMC1lY2FhLTExZTYtOGY4OC0zNDM2M2JjN2M0YzAiOnsiY3JlYXRlIjoxODAwMDAwMDAwMDAwLCJkZWxldGUiOjYwMDAwMDAwMDAwMCwidXBkYXRlIjozNjAwMDAwMDAwMDAwfSwic2NoZW1hX3ZlcnNpb24iOiIxIn0="
        }
      ]
    },
    {
      "mode": "managed",
      "type": "aws_iam_policy",
      "name": "shared_cloudwatch_logs_write_policy",
      "provider": "provider[\"registry.terraform.io/hashicorp/aws\"]",
      "instances": [
        {
          "schema_version": 0,
          "attributes": {
            "arn": "arn:aws:iam::970850578809:policy/gmail-processing-shared-cloudwatch-logs-write",
            "attachment_count": 2,
            "description": "Minimal policy for writing logs to CloudWatch Logs (Lambda/Step Functions)",
            "id": "arn:aws:iam::970850578809:policy/gmail-processing-shared-cloudwatch-logs-write",
            "name": "gmail-processing-shared-cloudwatch-logs-write",
            "name_prefix": "",
            "path": "/",
            "policy": "{\"Statement\":[{\"Action\":[\"logs:CreateLogGroup\",\"logs:CreateLogStream\",\"logs:PutLogEvents\",\"logs:DescribeLogStreams\",\"logs:DescribeLogGroups\"],\"Effect\":\"Allow\",\"Resource\":[\"arn:aws:logs:us-east-1:970850578809:log-group:/aws/stepfunctions/gmail-processing-state-machine*\"],\"Sid\":\"CloudWatchLogsWriteAccess\"}],\"Version\":\"2012-10-17\"}",
            "policy_id": "ANPA6ECZUGF4RZ34NUAAR",
            "tags": {},
            "tags_all": {}
          },
          "sensitive_attributes": [],
          "identity_schema_version": 0,
          "private": "bnVsbA==",
          "dependencies": [
            "aws_cloudwatch_log_group.step_function_logs"
          ]
        }
      ]
    },
    {
      "mode": "managed",
      "type": "aws_iam_policy",
      "name": "step_function_policy",
      "provider": "provider[\"registry.terraform.io/hashicorp/aws\"]",
      "instances": [
        {
          "schema_version": 0,
          "attributes": {
            "arn": "arn:aws:iam::970850578809:policy/step-function-gmail-processing-policy",
            "attachment_count": 1,
            "description": "Policy for Step Functions to invoke Lambda/Bedrock",
            "id": "arn:aws:iam::970850578809:policy/step-function-gmail-processing-policy",
            "name": "step-function-gmail-processing-policy",
            "name_prefix": "",
            "path": "/",
            "policy": "{\"Statement\":[{\"Action\":[\"lambda:InvokeFunction\",\"bedrock:InvokeModel\",\"dynamodb:PutItem\",\"logs:CreateLogGroup\",\"logs:CreateLogStream\",\"logs:PutLogEvents\"],\"Effect\":\"Allow\",\"Resource\":\"*\"}],\"Version\":\"2012-10-17\"}",
            "policy_id": "ANPA6ECZUGF4T6M7SP4G3",
            "tags": {},
            "tags_all": {}
          },
          "sensitive_attributes": [],
          "identity_schema_version": 0,
          "private": "bnVsbA=="
        }
      ]
    },
    {
      "mode": "managed",
      "type": "aws_iam_role",
      "name": "lambda_exec_role",
      "provider": "provider[\"registry.terraform.io/hashicorp/aws\"]",
      "instances": [
        {
          "schema_version": 0,
          "attributes": {
            "arn": "arn:aws:iam::970850578809:role/gmail-processing-lambda-exec-role",
            "assume_role_policy": "{\"Statement\":[{\"Action\":\"sts:AssumeRole\",\"Effect\":\"Allow\",\"Principal\":{\"Service\":\"lambda.amazonaws.com\"}}],\"Version\":\"2012-10-17\"}",
            "create_date": "2026-02-23T19:50:35Z",
            "description": "IAM role for Lambda functions in Gmail processing pipeline",
            "force_detach_policies": false,
            "id": "gmail-processing-lambda-exec-role",
            "inline_policy": [
              {
                "name": "gmail-processing-bedrock-policy",
                "policy": "{\"Version\":\"2012-10-17\",\"Statement\":[{\"Action\":[\"bedrock:InvokeModel\"],\"Effect\":\"Allow\",\"Resource\":\"arn:aws:bedrock:us-east-1::foundation-model/anthropic.claude-3-sonnet-20240229-v1:0\"}]}"
              },
              {
                "name": "gmail-processing-dynamodb-policy",
                "policy": "{\"Version\":\"2012-10-17\",\"Statement\":[{\"Action\":[\"dynamodb:PutItem\",\"dynamodb:GetItem\",\"dynamodb:UpdateItem\"],\"Effect\":\"Allow\",\"Resource\":\"arn:aws:dynamodb:us-east-1:970850578809:table/GmailStructuredData\"}]}"
              },
              {
                "name": "gmail-processing-lambda-xray-policy",
                "policy": "{\"Version\":\"2012-10-17\",\"Statement\":[{\"Action\":[\"xray:PutTraceSegments\",\"xray:PutTelemetryRecords\"],\"Effect\":\"Allow\",\"Resource\":\"*\"}]}"
              },
              {
                "name": "gmail-processing-s3-policy",
                "policy": "{\"Version\":\"2012-10-17\",\"Statement\":[{\"Action\":[\"s3:GetObject\",\"s3:ListBucket\"],\"Effect\":\"Allow\",\"Resource\":[\"arn:aws:s3:::your-unique-gmail-bucket-2026\",\"arn:aws:s3:::your-unique-gmail-bucket-2026/*\"]},{\"Action\":[\"s3:PutObject\"],\"Effect\":\"Allow\",\"Resource\":\"arn:aws:s3:::your-unique-gmail-bucket-2026/structured-results/*\"}]}"
              },
              {
                "name": "gmail-processing-sfn-start-policy",
                "policy": "{\"Version\":\"2012-10-17\",\"Statement\":[{\"Action\":[\"states:StartExecution\",\"states:DescribeExecution\"],\"Effect\":\"Allow\",\"Resource\":\"arn:aws:states:us-east-1:970850578809:stateMachine:gmail-processing-state-machine\"}]}"
              }
            ],
            "managed_policy_arns": [
              "arn:aws:iam::970850578809:policy/gmail-processing-shared-cloudwatch-logs-write",
              "arn:aws:iam::970850578809:policy/service-role/AWSLambdaBasicExecutionRole-3e110284-fde2-47b4-b10d-5f423b79aabc",
              "arn:aws:iam::aws:policy/service-role/AWSLambdaBasicExecutionRole"
            ],
            "max_session_duration": 3600,
            "name": "gmail-processing-lambda-exec-role",
            "name_prefix": "",
            "path": "/",
            "permissions_boundary": "",
            "tags": {
              "Environment": "production",
              "Name": "gmail-processing-lambda-role"
            },
            "tags_all": {
              "Environment": "production",
              "Name": "gmail-processing-lambda-role"
            },
            "unique_id": "AROA6ECZUGF4UCX76BWLQ"
          },
          "sensitive_attributes": [],
          "identity_schema_version": 0,
          "private": "bnVsbA=="
        }
      ]
    },
    {
      "mode": "managed",
      "type": "aws_iam_role",
      "name": "step_function_exec_role",
      "provider": "provider[\"registry.terraform.io/hashicorp/aws\"]",
      "instances": [
        {
          "schema_version": 0,
          "attributes": {
            "arn": "arn:aws:iam::970850578809:role/gmail-processing-sfn-exec-role",
            "assume_role_policy": "{\"Statement\":[{\"Action\":\"sts:AssumeRole\",\"Effect\":\"Allow\",\"Principal\":{\"Service\":\"states.amazonaws.com\"}}],\"Version\":\"2012-10-17\"}",
            "create_date": "2026-02-23T19:50:35Z",
            "description": "IAM role for Step Functions to invoke Lambdas",
            "force_detach_policies": false,
            "id": "gmail-processing-sfn-exec-role",
            "inline_policy": [
              {
                "name": "gmail-processing-lambda-xray-policy",
                "policy": "{\"Version\":\"2012-10-17\",\"Statement\":[{\"Action\":[\"xray:PutTraceSegments\",\"xray:PutTelemetryRecords\"],\"Effect\":\"Allow\",\"Resource\":\"*\"}]}"
              },
              {
                "name": "gmail-processing-sfn-lambda-policy",
                "policy": "{\"Version\":\"2012-10-17\",\"Statement\":[{\"Action\":\"lambda:InvokeFunction\",\"Effect\":\"Allow\",\"Resource\":[\"arn:aws:lambda:us-east-1:970850578809:function:gmail-processing-parse-email\",\"arn:aws:lambda:us-east-1:970850578809:function:gmail-processing-invoke-bedrock\",\"arn:aws:lambda:us-east-1:970850578809:function:gmail-processing-extract-business\",\"arn:aws:lambda:us-east-1:970850578809:function:gmail-processing-save-to-dynamodb\"]}]}"
              }
            ],
            "managed_policy_arns": [
              "arn:aws:iam::970850578809:policy/gmail-processing-shared-cloudwatch-logs-write",
              "arn:aws:iam::970850578809:policy/step-function-gmail-processing-policy"
            ],
            "max_session_duration": 3600,
            "name": "gmail-processing-sfn-exec-role",
            "name_prefix": "",
            "path": "/",
            "permissions_boundary": "",
            "tags": {},
            "tags_all": {},
            "unique_id": "AROA6ECZUGF4YRFACKNN4"
          },
          "sensitive_attributes": [],
          "identity_schema_version": 0,
          "private": "bnVsbA=="
        }
      ]
    },
    {
      "mode": "managed",
      "type": "aws_iam_role_policy",
      "name": "lambda_bedrock_policy",
      "provider": "provider[\"registry.terraform.io/hashicorp/aws\"]",
      "instances": [
        {
          "schema_version": 0,
          "attributes": {
            "id": "gmail-processing-lambda-exec-role:gmail-processing-bedrock-policy",
            "name": "gmail-processing-bedrock-policy",
            "name_prefix": "",
            "policy": "{\"Version\":\"2012-10-17\",\"Statement\":[{\"Action\":[\"bedrock:InvokeModel\"],\"Effect\":\"Allow\",\"Resource\":\"arn:aws:bedrock:us-east-1::foundation-model/anthropic.claude-3-sonnet-20240229-v1:0\"}]}",
            "role": "gmail-processing-lambda-exec-role"
          },
          "sensitive_attributes": [],
          "identity_schema_version": 0,
          "private": "bnVsbA==",
          "dependencies": [
            "aws_iam_role.lambda_exec_role"
          ]
        }
      ]
    },
    {
      "mode": "managed",
      "type": "aws_iam_role_policy",
      "name": "lambda_dynamodb_policy",
      "provider": "provider[\"registry.terraform.io/hashicorp/aws\"]",
      "instances": [
        {
          "schema_version": 0,
          "attributes": {
            "id": "gmail-processing-lambda-exec-role:gmail-processing-dynamodb-policy",
            "name": "gmail-processing-dynamodb-policy",
            "name_prefix": "",
            "policy": "{\"Version\":\"2012-10-17\",\"Statement\":[{\"Action\":[\"dynamodb:PutItem\",\"dynamodb:GetItem\",\"dynamodb:UpdateItem\"],\"Effect\":\"Allow\",\"Resource\":\"arn:aws:dynamodb:us-east-1:970850578809:table/GmailStructuredData\"}]}",
            "role": "gmail-processing-lambda-exec-role"
          },
          "sensitive_attributes": [],
          "identity_schema_version": 0,
          "private": "bnVsbA==",
          "dependencies": [
            "aws_dynamodb_table.gmail_structured_data",
            "aws_iam_role.lambda_exec_role"
          ]
        }
      ]
    },
    {
      "mode": "managed",
      "type": "aws_iam_role_policy",
      "name": "lambda_s3_policy",
      "provider": "provider[\"registry.terraform.io/hashicorp/aws\"]",
      "instances": [
        {
          "schema_version": 0,
          "attributes": {
            "id": "gmail-processing-lambda-exec-role:gmail-processing-s3-policy",
            "name": "gmail-processing-s3-policy",
            "name_prefix": "",
            "policy": "{\"Version\":\"2012-10-17\",\"Statement\":[{\"Action\":[\"s3:GetObject\",\"s3:ListBucket\"],\"Effect\":\"Allow\",\"Resource\":[\"arn:aws:s3:::your-unique-gmail-bucket-2026\",\"arn:aws:s3:::your-unique-gmail-bucket-2026/*\"]},{\"Action\":[\"s3:PutObject\"],\"Effect\":\"Allow\",\"Resource\":\"arn:aws:s3:::your-unique-gmail-bucket-2026/structured-results/*\"}]}",
            "role": "gmail-processing-lambda-exec-role"
          },
          "sensitive_attributes": [],
          "identity_schema_version": 0,
          "private": "bnVsbA==",
          "dependencies": [
            "aws_iam_role.lambda_exec_role",
            "aws_s3_bucket.gmail_bucket"
          ]
        }
      ]
    },
    {
      "mode": "managed",
      "type": "aws_iam_role_policy",
      "name": "lambda_sfn_policy",
      "provider": "provider[\"registry.terraform.io/hashicorp/aws\"]",
      "instances": [
        {
          "schema_version": 0,
          "attributes": {
            "id": "gmail-processing-lambda-exec-role:gmail-processing-sfn-start-policy",
            "name": "gmail-processing-sfn-start-policy",
            "name_prefix": "",
            "policy": "{\"Version\":\"2012-10-17\",\"Statement\":[{\"Action\":[\"states:StartExecution\",\"states:DescribeExecution\"],\"Effect\":\"Allow\",\"Resource\":\"arn:aws:states:us-east-1:970850578809:stateMachine:gmail-processing-state-machine\"}]}",
            "role": "gmail-processing-lambda-exec-role"
          },
          "sensitive_attributes": [],
          "identity_schema_version": 0,
          "private": "bnVsbA==",
          "dependencies": [
            "aws_iam_role.lambda_exec_role",
            "aws_iam_role.step_function_exec_role",
            "aws_lambda_function.extract_business",
            "aws_lambda_function.invoke_bedrock",
            "aws_lambda_function.parse_email",
            "aws_lambda_function.save_to_dynamodb",
            "aws_lambda_layer_version.chardet_layer",
            "aws_sfn_state_machine.gmail_processing"
          ]
        }
      ]
    },
    {
      "mode": "managed",
      "type": "aws_iam_role_policy",
      "name": "lambda_xray_policy",
      "provider": "provider[\"registry.terraform.io/hashicorp/aws\"]",
      "instances": [
        {
          "index_key": "gmail-processing-lambda-exec-role",
          "schema_version": 0,
          "attributes": {
            "id": "gmail-processing-lambda-exec-role:gmail-processing-lambda-xray-policy",
            "name": "gmail-processing-lambda-xray-policy",
            "name_prefix": "",
            "policy": "{\"Version\":\"2012-10-17\",\"Statement\":[{\"Action\":[\"xray:PutTraceSegments\",\"xray:PutTelemetryRecords\"],\"Effect\":\"Allow\",\"Resource\":\"*\"}]}",
            "role": "gmail-processing-lambda-exec-role"
          },
          "sensitive_attributes": [],
          "identity_schema_version": 0,
          "private": "bnVsbA==",
          "dependencies": [
            "aws_iam_role.lambda_exec_role",
            "aws_iam_role.step_function_exec_role"
          ]
        },
        {
          "index_key": "gmail-processing-sfn-exec-role",
          "schema_version": 0,
          "attributes": {
            "id": "gmail-processing-sfn-exec-role:gmail-processing-lambda-xray-policy",
            "name": "gmail-processing-lambda-xray-policy",
            "name_prefix": "",
            "policy": "{\"Version\":\"2012-10-17\",\"Statement\":[{\"Action\":[\"xray:PutTraceSegments\",\"xray:PutTelemetryRecords\"],\"Effect\":\"Allow\",\"Resource\":\"*\"}]}",
            "role": "gmail-processing-sfn-exec-role"
          },
          "sensitive_attributes": [],
          "identity_schema_version": 0,
          "private": "bnVsbA==",
          "dependencies": [
            "aws_iam_role.lambda_exec_role",
            "aws_iam_role.step_function_exec_role"
          ]
        }
      ]
    },
    {
      "mode": "managed",
      "type": "aws_iam_role_policy",
      "name": "sfn_lambda_policy",
      "provider": "provider[\"registry.terraform.io/hashicorp/aws\"]",
      "instances": [
        {
          "schema_version": 0,
          "attributes": {
            "id": "gmail-processing-sfn-exec-role:gmail-processing-sfn-lambda-policy",
            "name": "gmail-processing-sfn-lambda-policy",
            "name_prefix": "",
            "policy": "{\"Version\":\"2012-10-17\",\"Statement\":[{\"Action\":\"lambda:InvokeFunction\",\"Effect\":\"Allow\",\"Resource\":[\"arn:aws:lambda:us-east-1:970850578809:function:gmail-processing-parse-email\",\"arn:aws:lambda:us-east-1:970850578809:function:gmail-processing-invoke-bedrock\",\"arn:aws:lambda:us-east-1:970850578809:function:gmail-processing-extract-business\",\"arn:aws:lambda:us-east-1:970850578809:function:gmail-processing-save-to-dynamodb\"]}]}",
            "role": "gmail-processing-sfn-exec-role"
          },
          "sensitive_attributes": [],
          "identity_schema_version": 0,
          "private": "bnVsbA==",
          "dependencies": [
            "aws_iam_role.lambda_exec_role",
            "aws_iam_role.step_function_exec_role",
            "aws_lambda_function.extract_business",
            "aws_lambda_function.invoke_bedrock",
            "aws_lambda_function.parse_email",
            "aws_lambda_function.save_to_dynamodb",
            "aws_lambda_layer_version.chardet_layer"
          ]
        }
      ]
    },
    {
      "mode": "managed",
      "type": "aws_iam_role_policy_attachment",
      "name": "lambda_basic_exec",
      "provider": "provider[\"registry.terraform.io/hashicorp/aws\"]",
      "instances": [
        {
          "schema_version": 0,
          "attributes": {
            "id": "gmail-processing-lambda-exec-role-20260223204616895900000001",
            "policy_arn": "arn:aws:iam::aws:policy/service-role/AWSLambdaBasicExecutionRole",
            "role": "gmail-processing-lambda-exec-role"
          },
          "sensitive_attributes": [],
          "identity_schema_version": 0,
          "private": "bnVsbA==",
          "dependencies": [
            "aws_iam_role.lambda_exec_role"
          ]
        }
      ]
    },
    {
      "mode": "managed",
      "type": "aws_iam_role_policy_attachment",
      "name": "lambda_cloudwatch_logs_attach",
      "provider": "provider[\"registry.terraform.io/hashicorp/aws\"]",
      "instances": [
        {
          "schema_version": 0,
          "attributes": {
            "id": "gmail-processing-lambda-exec-role-20260223211102987100000002",
            "policy_arn": "arn:aws:iam::970850578809:policy/gmail-processing-shared-cloudwatch-logs-write",
            "role": "gmail-processing-lambda-exec-role"
          },
          "sensitive_attributes": [],
          "identity_schema_version": 0,
          "private": "bnVsbA==",
          "dependencies": [
            "aws_cloudwatch_log_group.step_function_logs",
            "aws_iam_policy.shared_cloudwatch_logs_write_policy",
            "aws_iam_role.lambda_exec_role"
          ]
        }
      ]
    },
    {
      "mode": "managed",
      "type": "aws_iam_role_policy_attachment",
      "name": "sfn_cloudwatch_logs_attach",
      "provider": "provider[\"registry.terraform.io/hashicorp/aws\"]",
      "instances": [
        {
          "schema_version": 0,
          "attributes": {
            "id": "gmail-processing-sfn-exec-role-20260223211102974800000001",
            "policy_arn": "arn:aws:iam::970850578809:policy/gmail-processing-shared-cloudwatch-logs-write",
            "role": "gmail-processing-sfn-exec-role"
          },
          "sensitive_attributes": [],
          "identity_schema_version": 0,
          "private": "bnVsbA==",
          "dependencies": [
            "aws_cloudwatch_log_group.step_function_logs",
            "aws_iam_policy.shared_cloudwatch_logs_write_policy",
            "aws_iam_role.step_function_exec_role"
          ]
        }
      ]
    },
    {
      "mode": "managed",
      "type": "aws_iam_role_policy_attachment",
      "name": "step_function_policy_attach",
      "provider": "provider[\"registry.terraform.io/hashicorp/aws\"]",
      "instances": [
        {
          "schema_version": 0,
          "attributes": {
            "id": "gmail-processing-sfn-exec-role-20260223204617422500000002",
            "policy_arn": "arn:aws:iam::970850578809:policy/step-function-gmail-processing-policy",
            "role": "gmail-processing-sfn-exec-role"
          },
          "sensitive_attributes": [],
          "identity_schema_version": 0,
          "private": "bnVsbA==",
          "dependencies": [
            "aws_iam_policy.step_function_policy",
            "aws_iam_role.step_function_exec_role"
          ]
        }
      ]
    },
    {
      "mode": "managed",
      "type": "aws_lambda_function",
      "name": "extract_business",
      "provider": "provider[\"registry.terraform.io/hashicorp/aws\"]",
      "instances": [
        {
          "schema_version": 0,
          "attributes": {
            "architectures": [
              "x86_64"
            ],
            "arn": "arn:aws:lambda:us-east-1:970850578809:function:gmail-processing-extract-business",
            "code_sha256": "74RAsnx4VpyrAooHyAsymWrk9ExTmBf8WvCsciEurHg=",
            "code_signing_config_arn": "",
            "dead_letter_config": [],
            "description": "",
            "environment": [],
            "ephemeral_storage": [
              {
                "size": 512
              }
            ],
            "file_system_config": [],
            "filename": "lambda/extract_business.zip",
            "function_name": "gmail-processing-extract-business",
            "handler": "extract_business.lambda_handler",
            "id": "gmail-processing-extract-business",
            "image_config": [],
            "image_uri": "",
            "invoke_arn": "arn:aws:apigateway:us-east-1:lambda:path/2015-03-31/functions/arn:aws:lambda:us-east-1:970850578809:function:gmail-processing-extract-business/invocations",
            "kms_key_arn": "",
            "last_modified": "2026-02-23T20:21:46.000+0000",
            "layers": [],
            "logging_config": [
              {
                "application_log_level": "",
                "log_format": "Text",
                "log_group": "/aws/lambda/gmail-processing-extract-business",
                "system_log_level": ""
              }
            ],
            "memory_size": 128,
            "package_type": "Zip",
            "publish": false,
            "qualified_arn": "arn:aws:lambda:us-east-1:970850578809:function:gmail-processing-extract-business:$LATEST",
            "qualified_invoke_arn": "arn:aws:apigateway:us-east-1:lambda:path/2015-03-31/functions/arn:aws:lambda:us-east-1:970850578809:function:gmail-processing-extract-business:$LATEST/invocations",
            "replace_security_groups_on_destroy": null,
            "replacement_security_group_ids": null,
            "reserved_concurrent_executions": -1,
            "role": "arn:aws:iam::970850578809:role/gmail-processing-lambda-exec-role",
            "runtime": "python3.11",
            "s3_bucket": null,
            "s3_key": null,
            "s3_object_version": null,
            "signing_job_arn": "",
            "signing_profile_version_arn": "",
            "skip_destroy": false,
            "snap_start": [],
            "source_code_hash": "",
            "source_code_size": 948,
            "tags": {},
            "tags_all": {},
            "timeout": 3,
            "timeouts": null,
            "tracing_config": [
              {
                "mode": "Active"
              }
            ],
            "version": "$LATEST",
            "vpc_config": []
          },
          "sensitive_attributes": [],
          "identity_schema_version": 0,
          "private": "eyJlMmJmYjczMC1lY2FhLTExZTYtOGY4OC0zNDM2M2JjN2M0YzAiOnsiY3JlYXRlIjo2MDAwMDAwMDAwMDAsImRlbGV0ZSI6NjAwMDAwMDAwMDAwLCJ1cGRhdGUiOjYwMDAwMDAwMDAwMH19",
          "dependencies": [
            "aws_iam_role.lambda_exec_role"
          ]
        }
      ]
    },
    {
      "mode": "managed",
      "type": "aws_lambda_function",
      "name": "invoke_bedrock",
      "provider": "provider[\"registry.terraform.io/hashicorp/aws\"]",
      "instances": [
        {
          "schema_version": 0,
          "attributes": {
            "architectures": [
              "x86_64"
            ],
            "arn": "arn:aws:lambda:us-east-1:970850578809:function:gmail-processing-invoke-bedrock",
            "code_sha256": "Ex0Rin5IflR8+i/PPpM+6+Y36SAS/4VTVzQTaAQGA9Y=",
            "code_signing_config_arn": "",
            "dead_letter_config": [],
            "description": "",
            "environment": [
              {
                "variables": {
                  "BEDROCK_MODEL_ID": "anthropic.claude-3-sonnet-20240229-v1:0"
                }
              }
            ],
            "ephemeral_storage": [
              {
                "size": 512
              }
            ],
            "file_system_config": [],
            "filename": "lambda/invoke_bedrock.zip",
            "function_name": "gmail-processing-invoke-bedrock",
            "handler": "invoke_bedrock.lambda_handler",
            "id": "gmail-processing-invoke-bedrock",
            "image_config": [],
            "image_uri": "",
            "invoke_arn": "arn:aws:apigateway:us-east-1:lambda:path/2015-03-31/functions/arn:aws:lambda:us-east-1:970850578809:function:gmail-processing-invoke-bedrock/invocations",
            "kms_key_arn": "",
            "last_modified": "2026-02-23T20:21:46.000+0000",
            "layers": [],
            "logging_config": [
              {
                "application_log_level": "",
                "log_format": "Text",
                "log_group": "/aws/lambda/gmail-processing-invoke-bedrock",
                "system_log_level": ""
              }
            ],
            "memory_size": 128,
            "package_type": "Zip",
            "publish": false,
            "qualified_arn": "arn:aws:lambda:us-east-1:970850578809:function:gmail-processing-invoke-bedrock:$LATEST",
            "qualified_invoke_arn": "arn:aws:apigateway:us-east-1:lambda:path/2015-03-31/functions/arn:aws:lambda:us-east-1:970850578809:function:gmail-processing-invoke-bedrock:$LATEST/invocations",
            "replace_security_groups_on_destroy": null,
            "replacement_security_group_ids": null,
            "reserved_concurrent_executions": -1,
            "role": "arn:aws:iam::970850578809:role/gmail-processing-lambda-exec-role",
            "runtime": "python3.11",
            "s3_bucket": null,
            "s3_key": null,
            "s3_object_version": null,
            "signing_job_arn": "",
            "signing_profile_version_arn": "",
            "skip_destroy": false,
            "snap_start": [],
            "source_code_hash": "",
            "source_code_size": 1332,
            "tags": {},
            "tags_all": {},
            "timeout": 3,
            "timeouts": null,
            "tracing_config": [
              {
                "mode": "Active"
              }
            ],
            "version": "$LATEST",
            "vpc_config": []
          },
          "sensitive_attributes": [],
          "identity_schema_version": 0,
          "private": "eyJlMmJmYjczMC1lY2FhLTExZTYtOGY4OC0zNDM2M2JjN2M0YzAiOnsiY3JlYXRlIjo2MDAwMDAwMDAwMDAsImRlbGV0ZSI6NjAwMDAwMDAwMDAwLCJ1cGRhdGUiOjYwMDAwMDAwMDAwMH19",
          "dependencies": [
            "aws_iam_role.lambda_exec_role"
          ]
        }
      ]
    },
    {
      "mode": "managed",
      "type": "aws_lambda_function",
      "name": "parse_email",
      "provider": "provider[\"registry.terraform.io/hashicorp/aws\"]",
      "instances": [
        {
          "schema_version": 0,
          "attributes": {
            "architectures": [
              "x86_64"
            ],
            "arn": "arn:aws:lambda:us-east-1:970850578809:function:gmail-processing-parse-email",
            "code_sha256": "boURZDaGamGxAU9UQd0rxuRBbhSASxCbX0CB0DXA6zg=",
            "code_signing_config_arn": "",
            "dead_letter_config": [],
            "description": "",
            "environment": [],
            "ephemeral_storage": [
              {
                "size": 512
              }
            ],
            "file_system_config": [],
            "filename": "lambda/parse_email.zip",
            "function_name": "gmail-processing-parse-email",
            "handler": "parse_email.lambda_handler",
            "id": "gmail-processing-parse-email",
            "image_config": [],
            "image_uri": "",
            "invoke_arn": "arn:aws:apigateway:us-east-1:lambda:path/2015-03-31/functions/arn:aws:lambda:us-east-1:970850578809:function:gmail-processing-parse-email/invocations",
            "kms_key_arn": "",
            "last_modified": "2026-02-23T20:21:46.000+0000",
            "layers": [
              "arn:aws:lambda:us-east-1:970850578809:layer:gmail-processing-chardet-layer:3"
            ],
            "logging_config": [
              {
                "application_log_level": "",
                "log_format": "Text",
                "log_group": "/aws/lambda/gmail-processing-parse-email",
                "system_log_level": ""
              }
            ],
            "memory_size": 128,
            "package_type": "Zip",
            "publish": false,
            "qualified_arn": "arn:aws:lambda:us-east-1:970850578809:function:gmail-processing-parse-email:$LATEST",
            "qualified_invoke_arn": "arn:aws:apigateway:us-east-1:lambda:path/2015-03-31/functions/arn:aws:lambda:us-east-1:970850578809:function:gmail-processing-parse-email:$LATEST/invocations",
            "replace_security_groups_on_destroy": null,
            "replacement_security_group_ids": null,
            "reserved_concurrent_executions": -1,
            "role": "arn:aws:iam::970850578809:role/gmail-processing-lambda-exec-role",
            "runtime": "python3.11",
            "s3_bucket": null,
            "s3_key": null,
            "s3_object_version": null,
            "signing_job_arn": "",
            "signing_profile_version_arn": "",
            "skip_destroy": false,
            "snap_start": [],
            "source_code_hash": "",
            "source_code_size": 1483,
            "tags": {},
            "tags_all": {},
            "timeout": 3,
            "timeouts": null,
            "tracing_config": [
              {
                "mode": "Active"
              }
            ],
            "version": "$LATEST",
            "vpc_config": []
          },
          "sensitive_attributes": [],
          "identity_schema_version": 0,
          "private": "eyJlMmJmYjczMC1lY2FhLTExZTYtOGY4OC0zNDM2M2JjN2M0YzAiOnsiY3JlYXRlIjo2MDAwMDAwMDAwMDAsImRlbGV0ZSI6NjAwMDAwMDAwMDAwLCJ1cGRhdGUiOjYwMDAwMDAwMDAwMH19",
          "dependencies": [
            "aws_iam_role.lambda_exec_role",
            "aws_lambda_layer_version.chardet_layer"
          ]
        }
      ]
    },
    {
      "mode": "managed",
      "type": "aws_lambda_function",
      "name": "save_to_dynamodb",
      "provider": "provider[\"registry.terraform.io/hashicorp/aws\"]",
      "instances": [
        {
          "schema_version": 0,
          "attributes": {
            "architectures": [
              "x86_64"
            ],
            "arn": "arn:aws:lambda:us-east-1:970850578809:function:gmail-processing-save-to-dynamodb",
            "code_sha256": "2GEUdZimTAqwhiuj9auSjQsIoqYUD0pjPv0EBQAuyFs=",
            "code_signing_config_arn": "",
            "dead_letter_config": [],
            "description": "",
            "environment": [
              {
                "variables": {
                  "DYNAMODB_TABLE_NAME": "GmailStructuredData"
                }
              }
            ],
            "ephemeral_storage": [
              {
                "size": 512
              }
            ],
            "file_system_config": [],
            "filename": "lambda/save_to_dynamodb.zip",
            "function_name": "gmail-processing-save-to-dynamodb",
            "handler": "save_to_dynamodb.lambda_handler",
            "id": "gmail-processing-save-to-dynamodb",
            "image_config": [],
            "image_uri": "",
            "invoke_arn": "arn:aws:apigateway:us-east-1:lambda:path/2015-03-31/functions/arn:aws:lambda:us-east-1:970850578809:function:gmail-processing-save-to-dynamodb/invocations",
            "kms_key_arn": "",
            "last_modified": "2026-02-23T20:21:46.000+0000",
            "layers": [],
            "logging_config": [
              {
                "application_log_level": "",
                "log_format": "Text",
                "log_group": "/aws/lambda/gmail-processing-save-to-dynamodb",
                "system_log_level": ""
              }
            ],
            "memory_size": 128,
            "package_type": "Zip",
            "publish": false,
            "qualified_arn": "arn:aws:lambda:us-east-1:970850578809:function:gmail-processing-save-to-dynamodb:$LATEST",
            "qualified_invoke_arn": "arn:aws:apigateway:us-east-1:lambda:path/2015-03-31/functions/arn:aws:lambda:us-east-1:970850578809:function:gmail-processing-save-to-dynamodb:$LATEST/invocations",
            "replace_security_groups_on_destroy": null,
            "replacement_security_group_ids": null,
            "reserved_concurrent_executions": -1,
            "role": "arn:aws:iam::970850578809:role/gmail-processing-lambda-exec-role",
            "runtime": "python3.11",
            "s3_bucket": null,
            "s3_key": null,
            "s3_object_version": null,
            "signing_job_arn": "",
            "signing_profile_version_arn": "",
            "skip_destroy": false,
            "snap_start": [],
            "source_code_hash": "",
            "source_code_size": 1014,
            "tags": {},
            "tags_all": {},
            "timeout": 3,
            "timeouts": null,
            "tracing_config": [
              {
                "mode": "Active"
              }
            ],
            "version": "$LATEST",
            "vpc_config": []
          },
          "sensitive_attributes": [],
          "identity_schema_version": 0,
          "private": "eyJlMmJmYjczMC1lY2FhLTExZTYtOGY4OC0zNDM2M2JjN2M0YzAiOnsiY3JlYXRlIjo2MDAwMDAwMDAwMDAsImRlbGV0ZSI6NjAwMDAwMDAwMDAwLCJ1cGRhdGUiOjYwMDAwMDAwMDAwMH19",
          "dependencies": [
            "aws_iam_role.lambda_exec_role"
          ]
        }
      ]
    },
    {
      "mode": "managed",
      "type": "aws_lambda_function",
      "name": "start_step_function",
      "provider": "provider[\"registry.terraform.io/hashicorp/aws\"]",
      "instances": [
        {
          "schema_version": 0,
          "attributes": {
            "architectures": [
              "x86_64"
            ],
            "arn": "arn:aws:lambda:us-east-1:970850578809:function:gmail-processing-start-sfn",
            "code_sha256": "+BxgHUG2NE/eSXmru7qnU7js3E1izSXDq2rbzZV+mLs=",
            "code_signing_config_arn": "",
            "dead_letter_config": [],
            "description": "",
            "environment": [
              {
                "variables": {
                  "STEP_FUNCTION_ARN": "arn:aws:states:us-east-1:970850578809:stateMachine:gmail-processing-state-machine"
                }
              }
            ],
            "ephemeral_storage": [
              {
                "size": 512
              }
            ],
            "file_system_config": [],
            "filename": "lambda/start_step_function.zip",
            "function_name": "gmail-processing-start-sfn",
            "handler": "start_step_function.lambda_handler",
            "id": "gmail-processing-start-sfn",
            "image_config": [],
            "image_uri": "",
            "invoke_arn": "arn:aws:apigateway:us-east-1:lambda:path/2015-03-31/functions/arn:aws:lambda:us-east-1:970850578809:function:gmail-processing-start-sfn/invocations",
            "kms_key_arn": "",
            "last_modified": "2026-02-23T21:21:29.000+0000",
            "layers": [],
            "logging_config": [
              {
                "application_log_level": "",
                "log_format": "Text",
                "log_group": "test",
                "system_log_level": ""
              }
            ],
            "memory_size": 128,
            "package_type": "Zip",
            "publish": false,
            "qualified_arn": "arn:aws:lambda:us-east-1:970850578809:function:gmail-processing-start-sfn:$LATEST",
            "qualified_invoke_arn": "arn:aws:apigateway:us-east-1:lambda:path/2015-03-31/functions/arn:aws:lambda:us-east-1:970850578809:function:gmail-processing-start-sfn:$LATEST/invocations",
            "replace_security_groups_on_destroy": null,
            "replacement_security_group_ids": null,
            "reserved_concurrent_executions": -1,
            "role": "arn:aws:iam::970850578809:role/gmail-processing-lambda-exec-role",
            "runtime": "python3.11",
            "s3_bucket": null,
            "s3_key": null,
            "s3_object_version": null,
            "signing_job_arn": "",
            "signing_profile_version_arn": "",
            "skip_destroy": false,
            "snap_start": [],
            "source_code_hash": "",
            "source_code_size": 970,
            "tags": {},
            "tags_all": {},
            "timeout": 3,
            "timeouts": null,
            "tracing_config": [
              {
                "mode": "Active"
              }
            ],
            "version": "$LATEST",
            "vpc_config": []
          },
          "sensitive_attributes": [],
          "identity_schema_version": 0,
          "private": "eyJlMmJmYjczMC1lY2FhLTExZTYtOGY4OC0zNDM2M2JjN2M0YzAiOnsiY3JlYXRlIjo2MDAwMDAwMDAwMDAsImRlbGV0ZSI6NjAwMDAwMDAwMDAwLCJ1cGRhdGUiOjYwMDAwMDAwMDAwMH19",
          "dependencies": [
            "aws_iam_role.lambda_exec_role",
            "aws_iam_role.step_function_exec_role",
            "aws_lambda_function.extract_business",
            "aws_lambda_function.invoke_bedrock",
            "aws_lambda_function.parse_email",
            "aws_lambda_function.save_to_dynamodb",
            "aws_lambda_layer_version.chardet_layer",
            "aws_sfn_state_machine.gmail_processing"
          ]
        }
      ]
    },
    {
      "mode": "managed",
      "type": "aws_lambda_layer_version",
      "name": "chardet_layer",
      "provider": "provider[\"registry.terraform.io/hashicorp/aws\"]",
      "instances": [
        {
          "schema_version": 0,
          "attributes": {
            "arn": "arn:aws:lambda:us-east-1:970850578809:layer:gmail-processing-chardet-layer:3",
            "code_sha256": "0s9xQgId/zUaUrwCRLsOabxRz8Gn8h04+T/Wu9I9OME=",
            "compatible_architectures": [],
            "compatible_runtimes": [
              "python3.11"
            ],
            "created_date": "2026-02-23T19:50:41.292+0000",
            "description": "Library for email encoding detection",
            "filename": "lambda/layers/chardet-layer.zip",
            "id": "arn:aws:lambda:us-east-1:970850578809:layer:gmail-processing-chardet-layer:3",
            "layer_arn": "arn:aws:lambda:us-east-1:970850578809:layer:gmail-processing-chardet-layer",
            "layer_name": "gmail-processing-chardet-layer",
            "license_info": "",
            "s3_bucket": null,
            "s3_key": null,
            "s3_object_version": null,
            "signing_job_arn": "",
            "signing_profile_version_arn": "",
            "skip_destroy": false,
            "source_code_hash": "",
            "source_code_size": 219775,
            "version": "3"
          },
          "sensitive_attributes": [],
          "identity_schema_version": 0,
          "private": "bnVsbA=="
        }
      ]
    },
    {
      "mode": "managed",
      "type": "aws_lambda_permission",
      "name": "s3_trigger_lambda",
      "provider": "provider[\"registry.terraform.io/hashicorp/aws\"]",
      "instances": [
        {
          "schema_version": 0,
          "attributes": {
            "action": "lambda:InvokeFunction",
            "event_source_token": null,
            "function_name": "gmail-processing-start-sfn",
            "function_url_auth_type": null,
            "id": "AllowS3InvokeLambda",
            "principal": "s3.amazonaws.com",
            "principal_org_id": null,
            "qualifier": "",
            "source_account": null,
            "source_arn": "arn:aws:s3:::your-unique-gmail-bucket-2026",
            "statement_id": "AllowS3InvokeLambda",
            "statement_id_prefix": ""
          },
          "sensitive_attributes": [],
          "identity_schema_version": 0,
          "private": "bnVsbA==",
          "dependencies": [
            "aws_iam_role.lambda_exec_role",
            "aws_iam_role.step_function_exec_role",
            "aws_lambda_function.extract_business",
            "aws_lambda_function.invoke_bedrock",
            "aws_lambda_function.parse_email",
            "aws_lambda_function.save_to_dynamodb",
            "aws_lambda_function.start_step_function",
            "aws_lambda_layer_version.chardet_layer",
            "aws_s3_bucket.gmail_bucket",
            "aws_sfn_state_machine.gmail_processing"
          ]
        }
      ]
    },
    {
      "mode": "managed",
      "type": "aws_lambda_permission",
      "name": "sfn_invoke_lambda",
      "provider": "provider[\"registry.terraform.io/hashicorp/aws\"]",
      "instances": [
        {
          "index_key": "extract_business",
          "schema_version": 0,
          "attributes": {
            "action": "lambda:InvokeFunction",
            "event_source_token": null,
            "function_name": "gmail-processing-extract-business",
            "function_url_auth_type": null,
            "id": "AllowSFNInvokeextract_business",
            "principal": "states.amazonaws.com",
            "principal_org_id": null,
            "qualifier": "",
            "source_account": null,
            "source_arn": "arn:aws:states:us-east-1:970850578809:stateMachine:gmail-processing-state-machine",
            "statement_id": "AllowSFNInvokeextract_business",
            "statement_id_prefix": ""
          },
          "sensitive_attributes": [],
          "identity_schema_version": 0,
          "private": "bnVsbA==",
          "dependencies": [
            "aws_iam_role.lambda_exec_role",
            "aws_iam_role.step_function_exec_role",
            "aws_lambda_function.extract_business",
            "aws_lambda_function.invoke_bedrock",
            "aws_lambda_function.parse_email",
            "aws_lambda_function.save_to_dynamodb",
            "aws_lambda_layer_version.chardet_layer",
            "aws_sfn_state_machine.gmail_processing"
          ]
        },
        {
          "index_key": "invoke_bedrock",
          "schema_version": 0,
          "attributes": {
            "action": "lambda:InvokeFunction",
            "event_source_token": null,
            "function_name": "gmail-processing-invoke-bedrock",
            "function_url_auth_type": null,
            "id": "AllowSFNInvokeinvoke_bedrock",
            "principal": "states.amazonaws.com",
            "principal_org_id": null,
            "qualifier": "",
            "source_account": null,
            "source_arn": "arn:aws:states:us-east-1:970850578809:stateMachine:gmail-processing-state-machine",
            "statement_id": "AllowSFNInvokeinvoke_bedrock",
            "statement_id_prefix": ""
          },
          "sensitive_attributes": [],
          "identity_schema_version": 0,
          "private": "bnVsbA==",
          "dependencies": [
            "aws_iam_role.lambda_exec_role",
            "aws_iam_role.step_function_exec_role",
            "aws_lambda_function.extract_business",
            "aws_lambda_function.invoke_bedrock",
            "aws_lambda_function.parse_email",
            "aws_lambda_function.save_to_dynamodb",
            "aws_lambda_layer_version.chardet_layer",
            "aws_sfn_state_machine.gmail_processing"
          ]
        },
        {
          "index_key": "parse_email",
          "schema_version": 0,
          "attributes": {
            "action": "lambda:InvokeFunction",
            "event_source_token": null,
            "function_name": "gmail-processing-parse-email",
            "function_url_auth_type": null,
            "id": "AllowSFNInvokeparse_email",
            "principal": "states.amazonaws.com",
            "principal_org_id": null,
            "qualifier": "",
            "source_account": null,
            "source_arn": "arn:aws:states:us-east-1:970850578809:stateMachine:gmail-processing-state-machine",
            "statement_id": "AllowSFNInvokeparse_email",
            "statement_id_prefix": ""
          },
          "sensitive_attributes": [],
          "identity_schema_version": 0,
          "private": "bnVsbA==",
          "dependencies": [
            "aws_iam_role.lambda_exec_role",
            "aws_iam_role.step_function_exec_role",
            "aws_lambda_function.extract_business",
            "aws_lambda_function.invoke_bedrock",
            "aws_lambda_function.parse_email",
            "aws_lambda_function.save_to_dynamodb",
            "aws_lambda_layer_version.chardet_layer",
            "aws_sfn_state_machine.gmail_processing"
          ]
        },
        {
          "index_key": "save_to_dynamodb",
          "schema_version": 0,
          "attributes": {
            "action": "lambda:InvokeFunction",
            "event_source_token": null,
            "function_name": "gmail-processing-save-to-dynamodb",
            "function_url_auth_type": null,
            "id": "AllowSFNInvokesave_to_dynamodb",
            "principal": "states.amazonaws.com",
            "principal_org_id": null,
            "qualifier": "",
            "source_account": null,
            "source_arn": "arn:aws:states:us-east-1:970850578809:stateMachine:gmail-processing-state-machine",
            "statement_id": "AllowSFNInvokesave_to_dynamodb",
            "statement_id_prefix": ""
          },
          "sensitive_attributes": [],
          "identity_schema_version": 0,
          "private": "bnVsbA==",
          "dependencies": [
            "aws_iam_role.lambda_exec_role",
            "aws_iam_role.step_function_exec_role",
            "aws_lambda_function.extract_business",
            "aws_lambda_function.invoke_bedrock",
            "aws_lambda_function.parse_email",
            "aws_lambda_function.save_to_dynamodb",
            "aws_lambda_layer_version.chardet_layer",
            "aws_sfn_state_machine.gmail_processing"
          ]
        }
      ]
    },
    {
      "mode": "managed",
      "type": "aws_s3_bucket",
      "name": "gmail_bucket",
      "provider": "provider[\"registry.terraform.io/hashicorp/aws\"]",
      "instances": [
        {
          "schema_version": 0,
          "attributes": {
            "acceleration_status": "",
            "acl": null,
            "arn": "arn:aws:s3:::your-unique-gmail-bucket-2026",
            "bucket": "your-unique-gmail-bucket-2026",
            "bucket_domain_name": "your-unique-gmail-bucket-2026.s3.amazonaws.com",
            "bucket_prefix": "",
            "bucket_regional_domain_name": "your-unique-gmail-bucket-2026.s3.us-east-1.amazonaws.com",
            "cors_rule": [],
            "force_destroy": false,
            "grant": [
              {
                "id": "9b05088a233a6c86b9028251075cf81340a897d22376037d55599495aa0aa071",
                "permissions": [
                  "FULL_CONTROL"
                ],
                "type": "CanonicalUser",
                "uri": ""
              }
            ],
            "hosted_zone_id": "Z3AQBSTGFYJSTF",
            "id": "your-unique-gmail-bucket-2026",
            "lifecycle_rule": [],
            "logging": [],
            "object_lock_configuration": [],
            "object_lock_enabled": false,
            "policy": "",
            "region": "us-east-1",
            "replication_configuration": [],
            "request_payer": "BucketOwner",
            "server_side_encryption_configuration": [
              {
                "rule": [
                  {
                    "apply_server_side_encryption_by_default": [
                      {
                        "kms_master_key_id": "",
                        "sse_algorithm": "AES256"
                      }
                    ],
                    "bucket_key_enabled": false
                  }
                ]
              }
            ],
            "tags": {
              "Environment": "production",
              "Name": "gmail-processing-bucket"
            },
            "tags_all": {
              "Environment": "production",
              "Name": "gmail-processing-bucket"
            },
            "timeouts": null,
            "versioning": [
              {
                "enabled": false,
                "mfa_delete": false
              }
            ],
            "website": [],
            "website_domain": null,
            "website_endpoint": null
          },
          "sensitive_attributes": [],
          "identity_schema_version": 0,
          "private": "eyJlMmJmYjczMC1lY2FhLTExZTYtOGY4OC0zNDM2M2JjN2M0YzAiOnsiY3JlYXRlIjoxMjAwMDAwMDAwMDAwLCJkZWxldGUiOjM2MDAwMDAwMDAwMDAsInJlYWQiOjEyMDAwMDAwMDAwMDAsInVwZGF0ZSI6MTIwMDAwMDAwMDAwMH19"
        }
      ]
    },
    {
      "mode": "managed",
      "type": "aws_s3_bucket_notification",
      "name": "gmail_bucket_notification",
      "provider": "provider[\"registry.terraform.io/hashicorp/aws\"]",
      "instances": [
        {
          "schema_version": 0,
          "attributes": {
            "bucket": "your-unique-gmail-bucket-2026",
            "eventbridge": false,
            "id": "your-unique-gmail-bucket-2026",
            "lambda_function": [
              {
                "events": [
                  "s3:ObjectCreated:*"
                ],
                "filter_prefix": "",
                "filter_suffix": "",
                "id": "tf-s3-lambda-20260223195120328400000002",
                "lambda_function_arn": "arn:aws:lambda:us-east-1:970850578809:function:gmail-processing-start-sfn"
              }
            ],
            "queue": [],
            "topic": []
          },
          "sensitive_attributes": [],
          "identity_schema_version": 0,
          "private": "bnVsbA==",
          "dependencies": [
            "aws_iam_role.lambda_exec_role",
            "aws_iam_role.step_function_exec_role",
            "aws_lambda_function.extract_business",
            "aws_lambda_function.invoke_bedrock",
            "aws_lambda_function.parse_email",
            "aws_lambda_function.save_to_dynamodb",
            "aws_lambda_function.start_step_function",
            "aws_lambda_layer_version.chardet_layer",
            "aws_lambda_permission.s3_trigger_lambda",
            "aws_s3_bucket.gmail_bucket",
            "aws_sfn_state_machine.gmail_processing"
          ]
        }
      ]
    },
    {
      "mode": "managed",
      "type": "aws_sfn_state_machine",
      "name": "gmail_processing",
      "provider": "provider[\"registry.terraform.io/hashicorp/aws\"]",
      "instances": [
        {
          "schema_version": 0,
          "attributes": {
            "arn": "arn:aws:states:us-east-1:970850578809:stateMachine:gmail-processing-state-machine",
            "creation_date": "2026-02-23T19:51:12Z",
            "definition": "{\n  \"Comment\": \"Gmail email processing workflow: parse, AI analyze, extract, save\",\n  \"StartAt\": \"ParseEmailBasicInfo\",\n  \"States\": {\n    \"ParseEmailBasicInfo\": {\n      \"Type\": \"Task\",\n      \"Resource\": \"arn:aws:lambda:us-east-1:970850578809:function:gmail-processing-parse-email\",\n      \"Retry\": [\n        {\n          \"ErrorEquals\": [\"Lambda.ServiceException\", \"Lambda.AWSLambdaException\"],\n          \"IntervalSeconds\": 2,\n          \"MaxAttempts\": 3,\n          \"BackoffRate\": 2\n        }\n      ],\n      \"Catch\": [\n        {\n          \"ErrorEquals\": [\"States.ALL\"],\n          \"Next\": \"ProcessFailure\"\n        }\n      ],\n      \"Next\": \"InvokeBedrockModel\"\n    },\n    \"InvokeBedrockModel\": {\n      \"Type\": \"Task\",\n      \"Resource\": \"arn:aws:lambda:us-east-1:970850578809:function:gmail-processing-invoke-bedrock\",\n      \"Retry\": [\n        {\n          \"ErrorEquals\": [\"Lambda.ServiceException\"],\n          \"IntervalSeconds\": 3,\n          \"MaxAttempts\": 2\n        }\n      ],\n      \"Catch\": [\n        {\n          \"ErrorEquals\": [\"States.ALL\"],\n          \"Next\": \"ProcessFailure\"\n        }\n      ],\n      \"Next\": \"ExtractBusinessInfo\"\n    },\n    \"ExtractBusinessInfo\": {\n      \"Type\": \"Task\",\n      \"Resource\": \"arn:aws:lambda:us-east-1:970850578809:function:gmail-processing-extract-business\",\n      \"Retry\": [\n        {\n          \"ErrorEquals\": [\"Lambda.ServiceException\"],\n          \"IntervalSeconds\": 2,\n          \"MaxAttempts\": 3\n        }\n      ],\n      \"Catch\": [\n        {\n          \"ErrorEquals\": [\"States.ALL\"],\n          \"Next\": \"ProcessFailure\"\n        }\n      ],\n      \"Next\": \"SaveToDynamoDB\"\n    },\n    \"SaveToDynamoDB\": {\n      \"Type\": \"Task\",\n      \"Resource\": \"arn:aws:lambda:us-east-1:970850578809:function:gmail-processing-save-to-dynamodb\",\n      \"Catch\": [\n        {\n          \"ErrorEquals\": [\"States.ALL\"],\n          \"Next\": \"ProcessFailure\"\n        }\n      ],\n      \"Next\": \"ProcessSuccess\"\n    },\n    \"ProcessSuccess\": {\n      \"Type\": \"Succeed\",\n      \"Comment\": \"Email processing completed successfully\"\n    },\n    \"ProcessFailure\": {\n      \"Type\": \"Fail\",\n      \"Error\": \"ProcessingFailed\",\n      \"Cause\": \"Workflow failed at one or more steps\"\n    }\n  }\n}",
            "description": "",
            "encryption_configuration": [
              {
                "kms_data_key_reuse_period_seconds": 0,
                "kms_key_id": "",
                "type": "AWS_OWNED_KEY"
              }
            ],
            "id": "arn:aws:states:us-east-1:970850578809:stateMachine:gmail-processing-state-machine",
            "logging_configuration": [
              {
                "include_execution_data": false,
                "level": "OFF",
                "log_destination": ""
              }
            ],
            "name": "gmail-processing-state-machine",
            "name_prefix": "",
            "publish": false,
            "revision_id": "e24fbb7b-3489-4d87-a61e-0b0c989c1f53",
            "role_arn": "arn:aws:iam::970850578809:role/gmail-processing-sfn-exec-role",
            "state_machine_version_arn": "",
            "status": "ACTIVE",
            "tags": {},
            "tags_all": {},
            "timeouts": null,
            "tracing_configuration": [
              {
                "enabled": true
              }
            ],
            "type": "STANDARD",
            "version_description": null
          },
          "sensitive_attributes": [],
          "identity_schema_version": 0,
          "private": "eyJlMmJmYjczMC1lY2FhLTExZTYtOGY4OC0zNDM2M2JjN2M0YzAiOnsiY3JlYXRlIjozMDAwMDAwMDAwMDAsImRlbGV0ZSI6MzAwMDAwMDAwMDAwLCJ1cGRhdGUiOjYwMDAwMDAwMDAwfX0=",
          "dependencies": [
            "aws_iam_role.lambda_exec_role",
            "aws_iam_role.step_function_exec_role",
            "aws_lambda_function.extract_business",
            "aws_lambda_function.invoke_bedrock",
            "aws_lambda_function.parse_email",
            "aws_lambda_function.save_to_dynamodb",
            "aws_lambda_layer_version.chardet_layer"
          ]
        }
      ]
    }
  ],
  "check_results": null
}
